
Microsoft Visual Studio Solution File, Format Version 12.00
# Visual Studio Version 16
VisualStudioVersion = 16.0.32602.291
MinimumVisualStudioVersion = 10.0.40219.1
Project("{FAE04EC0-301F-11D3-BF4B-00C04F79EFBC}") = "GenericPractic", "GenericPractic\GenericPractic.csproj", "{343C5297-D37A-42DC-AC9F-4C2442DB54CF}"
EndProject
Global
	GlobalSection(SolutionConfigurationPlatforms) = preSolution
		Debug|Any CPU = Debug|Any CPU
		Release|Any CPU = Release|Any CPU
	EndGlobalSection
	GlobalSection(ProjectConfigurationPlatforms) = postSolution
		{343C5297-D37A-42DC-AC9F-4C2442DB54CF}.Debug|Any CPU.ActiveCfg = Debug|Any CPU
		{343C5297-D37A-42DC-AC9F-4C2442DB54CF}.Debug|Any CPU.Build.0 = Debug|Any CPU
		{343C5297-D37A-42DC-AC9F-4C2442DB54CF}.Release|Any CPU.ActiveCfg = Release|Any CPU
		{343C5297-D37A-42DC-AC9F-4C2442DB54CF}.Release|Any CPU.Build.0 = Release|Any CPU
	EndGlobalSection
	GlobalSection(SolutionProperties) = preSolution
		HideSolutionNode = FALSE
	EndGlobalSection
	GlobalSection(ExtensibilityGlobals) = postSolution
		SolutionGuid = {8977CFF4-49D9-4FA4-B199-7BD3985C9159}
	EndGlobalSection
EndGlobal
